<?xml version="1.0" encoding="UTF-8" standalone="yes" ?>
<CodeBlocks_project_file>
	<FileVersion major="1" minor="6" />
	<Project>
		<Option title="testMartin" />
		<Option pch_mode="2" />
		<Option compiler="gcc" />
		<Build>
			<Target title="Debug">
				<Option output="bin/Debug/testMartin" prefix_auto="1" extension_auto="1" />
				<Option object_output="obj/Debug/" />
				<Option type="1" />
				<Option compiler="gcc" />
				<Compiler>
					<Add option="-g" />
				</Compiler>
			</Target>
			<Target title="Release">
				<Option output="bin/Release/testMartin" prefix_auto="1" extension_auto="1" />
				<Option object_output="obj/Release/" />
				<Option type="1" />
				<Option compiler="gcc" />
				<Compiler>
					<Add option="-O2" />
					<Add option="-std=c++11" />
					<Add directory="../../src" />
				</Compiler>
				<Linker>
					<Add option="-s" />
					<Add directory="../../src" />
				</Linker>
			</Target>
		</Build>
		<Compiler>
			<Add option="-Wall" />
			<Add option="-fexceptions" />
		</Compiler>
		<Unit filename="../../src/Drawing.cpp" />
		<Unit filename="../../src/Drawing.hpp" />
		<Unit filename="../../src/Martingale.cpp" />
		<Unit filename="../../src/Martingale.hpp" />
		<Unit filename="../../src/ReadingData.cpp" />
		<Unit filename="../../src/ReadingData.hpp" />
		<Unit filename="../../src/StrategyEffectiveness.cpp" />
		<Unit filename="../../src/StrategyEffectiveness.hpp" />
		<Unit filename="../../src/TradingIndicators.cpp" />
		<Unit filename="../../src/TradingIndicators.hpp" />
		<Unit filename="main.cpp" />
		<Extensions>
			<code_completion />
			<envvars />
			<debugger />
		</Extensions>
	</Project>
</CodeBlocks_project_file>
